
Microsoft Visual Studio Solution File, Format Version 12.00
# Visual Studio 2013
VisualStudioVersion = 12.0.31101.0
MinimumVisualStudioVersion = 10.0.40219.1
Project("{8BC9CEB8-8B4A-11D0-8D11-00A0C91BC942}") = "SU2_LIB", "SU2_LIB\SU2_LIB.vcxproj", "{3EEB3A29-61D7-4296-8400-7629B1CE52EB}"
EndProject
Project("{8BC9CEB8-8B4A-11D0-8D11-00A0C91BC942}") = "SU2_CFD", "SU2_CFD\SU2_CFD.vcxproj", "{5B06F599-6225-45E9-890C-FD295EF39AED}"
EndProject
Project("{8BC9CEB8-8B4A-11D0-8D11-00A0C91BC942}") = "SU2_DEF", "SU2_DEF\SU2_DEF.vcxproj", "{B8C76E27-3AC7-4A1E-9AF5-9F0033E8AB1A}"
EndProject
Project("{8BC9CEB8-8B4A-11D0-8D11-00A0C91BC942}") = "SU2_DOT", "SU2_DOT\SU2_DOT.vcxproj", "{BCC809A0-E318-4B56-800F-95F33C3BF6DB}"
EndProject
Project("{8BC9CEB8-8B4A-11D0-8D11-00A0C91BC942}") = "SU2_GEO", "SU2_GEO\SU2_GEO.vcxproj", "{DE458D3D-63C0-4913-B828-813019390CEF}"
EndProject
Project("{8BC9CEB8-8B4A-11D0-8D11-00A0C91BC942}") = "SU2_MSH", "SU2_MSH\SU2_MSH.vcxproj", "{616CAC92-A69A-4F62-99D6-660F16C31CFA}"
EndProject
Project("{8BC9CEB8-8B4A-11D0-8D11-00A0C91BC942}") = "SU2_SOL", "SU2_SOL\SU2_SOL.vcxproj", "{78CF293D-647E-45D0-9F9D-A7EFCF1D1656}"
EndProject
Project("{8BC9CEB8-8B4A-11D0-8D11-00A0C91BC942}") = "CBJ_DEF", "CBJ_DEF\CBJ_DEF.vcxproj", "{CBBA8584-663A-4E5A-B612-54E11678A0AF}"
EndProject
Project("{8BC9CEB8-8B4A-11D0-8D11-00A0C91BC942}") = "BUILD_ALL", "BUILD_ALL\BUILD_ALL.vcxproj", "{98103359-008E-44BB-8B85-746DF04F68F6}"
EndProject
Global
	GlobalSection(SolutionConfigurationPlatforms) = preSolution
		Debug|Mixed Platforms = Debug|Mixed Platforms
		Debug|Win32 = Debug|Win32
		Debug|x64 = Debug|x64
		MPI|Mixed Platforms = MPI|Mixed Platforms
		MPI|Win32 = MPI|Win32
		MPI|x64 = MPI|x64
		Release|Mixed Platforms = Release|Mixed Platforms
		Release|Win32 = Release|Win32
		Release|x64 = Release|x64
	EndGlobalSection
	GlobalSection(ProjectConfigurationPlatforms) = postSolution
		{3EEB3A29-61D7-4296-8400-7629B1CE52EB}.Debug|Mixed Platforms.ActiveCfg = MPI|x64
		{3EEB3A29-61D7-4296-8400-7629B1CE52EB}.Debug|Mixed Platforms.Build.0 = MPI|x64
		{3EEB3A29-61D7-4296-8400-7629B1CE52EB}.Debug|Win32.ActiveCfg = MPI|x64
		{3EEB3A29-61D7-4296-8400-7629B1CE52EB}.Debug|x64.ActiveCfg = MPI|x64
		{3EEB3A29-61D7-4296-8400-7629B1CE52EB}.Debug|x64.Build.0 = MPI|x64
		{3EEB3A29-61D7-4296-8400-7629B1CE52EB}.MPI|Mixed Platforms.ActiveCfg = MPI|x64
		{3EEB3A29-61D7-4296-8400-7629B1CE52EB}.MPI|Mixed Platforms.Build.0 = MPI|x64
		{3EEB3A29-61D7-4296-8400-7629B1CE52EB}.MPI|Win32.ActiveCfg = MPI|x64
		{3EEB3A29-61D7-4296-8400-7629B1CE52EB}.MPI|x64.ActiveCfg = MPI|x64
		{3EEB3A29-61D7-4296-8400-7629B1CE52EB}.MPI|x64.Build.0 = MPI|x64
		{3EEB3A29-61D7-4296-8400-7629B1CE52EB}.Release|Mixed Platforms.ActiveCfg = MPI|x64
		{3EEB3A29-61D7-4296-8400-7629B1CE52EB}.Release|Mixed Platforms.Build.0 = MPI|x64
		{3EEB3A29-61D7-4296-8400-7629B1CE52EB}.Release|Win32.ActiveCfg = MPI|x64
		{3EEB3A29-61D7-4296-8400-7629B1CE52EB}.Release|x64.ActiveCfg = MPI|x64
		{3EEB3A29-61D7-4296-8400-7629B1CE52EB}.Release|x64.Build.0 = MPI|x64
		{5B06F599-6225-45E9-890C-FD295EF39AED}.Debug|Mixed Platforms.ActiveCfg = MPI|x64
		{5B06F599-6225-45E9-890C-FD295EF39AED}.Debug|Mixed Platforms.Build.0 = MPI|x64
		{5B06F599-6225-45E9-890C-FD295EF39AED}.Debug|Win32.ActiveCfg = MPI|x64
		{5B06F599-6225-45E9-890C-FD295EF39AED}.Debug|x64.ActiveCfg = MPI|x64
		{5B06F599-6225-45E9-890C-FD295EF39AED}.Debug|x64.Build.0 = MPI|x64
		{5B06F599-6225-45E9-890C-FD295EF39AED}.MPI|Mixed Platforms.ActiveCfg = MPI|x64
		{5B06F599-6225-45E9-890C-FD295EF39AED}.MPI|Mixed Platforms.Build.0 = MPI|x64
		{5B06F599-6225-45E9-890C-FD295EF39AED}.MPI|Win32.ActiveCfg = MPI|x64
		{5B06F599-6225-45E9-890C-FD295EF39AED}.MPI|x64.ActiveCfg = MPI|x64
		{5B06F599-6225-45E9-890C-FD295EF39AED}.MPI|x64.Build.0 = MPI|x64
		{5B06F599-6225-45E9-890C-FD295EF39AED}.Release|Mixed Platforms.ActiveCfg = MPI|x64
		{5B06F599-6225-45E9-890C-FD295EF39AED}.Release|Mixed Platforms.Build.0 = MPI|x64
		{5B06F599-6225-45E9-890C-FD295EF39AED}.Release|Win32.ActiveCfg = MPI|x64
		{5B06F599-6225-45E9-890C-FD295EF39AED}.Release|x64.ActiveCfg = MPI|x64
		{5B06F599-6225-45E9-890C-FD295EF39AED}.Release|x64.Build.0 = MPI|x64
		{B8C76E27-3AC7-4A1E-9AF5-9F0033E8AB1A}.Debug|Mixed Platforms.ActiveCfg = MPI|x64
		{B8C76E27-3AC7-4A1E-9AF5-9F0033E8AB1A}.Debug|Mixed Platforms.Build.0 = MPI|x64
		{B8C76E27-3AC7-4A1E-9AF5-9F0033E8AB1A}.Debug|Win32.ActiveCfg = MPI|x64
		{B8C76E27-3AC7-4A1E-9AF5-9F0033E8AB1A}.Debug|x64.ActiveCfg = MPI|x64
		{B8C76E27-3AC7-4A1E-9AF5-9F0033E8AB1A}.Debug|x64.Build.0 = MPI|x64
		{B8C76E27-3AC7-4A1E-9AF5-9F0033E8AB1A}.MPI|Mixed Platforms.ActiveCfg = MPI|x64
		{B8C76E27-3AC7-4A1E-9AF5-9F0033E8AB1A}.MPI|Mixed Platforms.Build.0 = MPI|x64
		{B8C76E27-3AC7-4A1E-9AF5-9F0033E8AB1A}.MPI|Win32.ActiveCfg = MPI|x64
		{B8C76E27-3AC7-4A1E-9AF5-9F0033E8AB1A}.MPI|x64.ActiveCfg = MPI|x64
		{B8C76E27-3AC7-4A1E-9AF5-9F0033E8AB1A}.MPI|x64.Build.0 = MPI|x64
		{B8C76E27-3AC7-4A1E-9AF5-9F0033E8AB1A}.Release|Mixed Platforms.ActiveCfg = MPI|x64
		{B8C76E27-3AC7-4A1E-9AF5-9F0033E8AB1A}.Release|Mixed Platforms.Build.0 = MPI|x64
		{B8C76E27-3AC7-4A1E-9AF5-9F0033E8AB1A}.Release|Win32.ActiveCfg = MPI|x64
		{B8C76E27-3AC7-4A1E-9AF5-9F0033E8AB1A}.Release|x64.ActiveCfg = MPI|x64
		{B8C76E27-3AC7-4A1E-9AF5-9F0033E8AB1A}.Release|x64.Build.0 = MPI|x64
		{BCC809A0-E318-4B56-800F-95F33C3BF6DB}.Debug|Mixed Platforms.ActiveCfg = MPI|x64
		{BCC809A0-E318-4B56-800F-95F33C3BF6DB}.Debug|Mixed Platforms.Build.0 = MPI|x64
		{BCC809A0-E318-4B56-800F-95F33C3BF6DB}.Debug|Win32.ActiveCfg = MPI|x64
		{BCC809A0-E318-4B56-800F-95F33C3BF6DB}.Debug|x64.ActiveCfg = MPI|x64
		{BCC809A0-E318-4B56-800F-95F33C3BF6DB}.Debug|x64.Build.0 = MPI|x64
		{BCC809A0-E318-4B56-800F-95F33C3BF6DB}.MPI|Mixed Platforms.ActiveCfg = MPI|x64
		{BCC809A0-E318-4B56-800F-95F33C3BF6DB}.MPI|Mixed Platforms.Build.0 = MPI|x64
		{BCC809A0-E318-4B56-800F-95F33C3BF6DB}.MPI|Win32.ActiveCfg = MPI|x64
		{BCC809A0-E318-4B56-800F-95F33C3BF6DB}.MPI|x64.ActiveCfg = MPI|x64
		{BCC809A0-E318-4B56-800F-95F33C3BF6DB}.MPI|x64.Build.0 = MPI|x64
		{BCC809A0-E318-4B56-800F-95F33C3BF6DB}.Release|Mixed Platforms.ActiveCfg = MPI|x64
		{BCC809A0-E318-4B56-800F-95F33C3BF6DB}.Release|Mixed Platforms.Build.0 = MPI|x64
		{BCC809A0-E318-4B56-800F-95F33C3BF6DB}.Release|Win32.ActiveCfg = MPI|x64
		{BCC809A0-E318-4B56-800F-95F33C3BF6DB}.Release|x64.ActiveCfg = MPI|x64
		{BCC809A0-E318-4B56-800F-95F33C3BF6DB}.Release|x64.Build.0 = MPI|x64
		{DE458D3D-63C0-4913-B828-813019390CEF}.Debug|Mixed Platforms.ActiveCfg = MPI|x64
		{DE458D3D-63C0-4913-B828-813019390CEF}.Debug|Mixed Platforms.Build.0 = MPI|x64
		{DE458D3D-63C0-4913-B828-813019390CEF}.Debug|Win32.ActiveCfg = MPI|x64
		{DE458D3D-63C0-4913-B828-813019390CEF}.Debug|x64.ActiveCfg = MPI|x64
		{DE458D3D-63C0-4913-B828-813019390CEF}.Debug|x64.Build.0 = MPI|x64
		{DE458D3D-63C0-4913-B828-813019390CEF}.MPI|Mixed Platforms.ActiveCfg = MPI|x64
		{DE458D3D-63C0-4913-B828-813019390CEF}.MPI|Mixed Platforms.Build.0 = MPI|x64
		{DE458D3D-63C0-4913-B828-813019390CEF}.MPI|Win32.ActiveCfg = MPI|x64
		{DE458D3D-63C0-4913-B828-813019390CEF}.MPI|x64.ActiveCfg = MPI|x64
		{DE458D3D-63C0-4913-B828-813019390CEF}.MPI|x64.Build.0 = MPI|x64
		{DE458D3D-63C0-4913-B828-813019390CEF}.Release|Mixed Platforms.ActiveCfg = MPI|x64
		{DE458D3D-63C0-4913-B828-813019390CEF}.Release|Mixed Platforms.Build.0 = MPI|x64
		{DE458D3D-63C0-4913-B828-813019390CEF}.Release|Win32.ActiveCfg = MPI|x64
		{DE458D3D-63C0-4913-B828-813019390CEF}.Release|x64.ActiveCfg = MPI|x64
		{DE458D3D-63C0-4913-B828-813019390CEF}.Release|x64.Build.0 = MPI|x64
		{616CAC92-A69A-4F62-99D6-660F16C31CFA}.Debug|Mixed Platforms.ActiveCfg = MPI|x64
		{616CAC92-A69A-4F62-99D6-660F16C31CFA}.Debug|Mixed Platforms.Build.0 = MPI|x64
		{616CAC92-A69A-4F62-99D6-660F16C31CFA}.Debug|Win32.ActiveCfg = MPI|x64
		{616CAC92-A69A-4F62-99D6-660F16C31CFA}.Debug|x64.ActiveCfg = MPI|x64
		{616CAC92-A69A-4F62-99D6-660F16C31CFA}.Debug|x64.Build.0 = MPI|x64
		{616CAC92-A69A-4F62-99D6-660F16C31CFA}.MPI|Mixed Platforms.ActiveCfg = MPI|x64
		{616CAC92-A69A-4F62-99D6-660F16C31CFA}.MPI|Mixed Platforms.Build.0 = MPI|x64
		{616CAC92-A69A-4F62-99D6-660F16C31CFA}.MPI|Win32.ActiveCfg = MPI|x64
		{616CAC92-A69A-4F62-99D6-660F16C31CFA}.MPI|x64.ActiveCfg = MPI|x64
		{616CAC92-A69A-4F62-99D6-660F16C31CFA}.MPI|x64.Build.0 = MPI|x64
		{616CAC92-A69A-4F62-99D6-660F16C31CFA}.Release|Mixed Platforms.ActiveCfg = MPI|x64
		{616CAC92-A69A-4F62-99D6-660F16C31CFA}.Release|Mixed Platforms.Build.0 = MPI|x64
		{616CAC92-A69A-4F62-99D6-660F16C31CFA}.Release|Win32.ActiveCfg = MPI|x64
		{616CAC92-A69A-4F62-99D6-660F16C31CFA}.Release|x64.ActiveCfg = MPI|x64
		{616CAC92-A69A-4F62-99D6-660F16C31CFA}.Release|x64.Build.0 = MPI|x64
		{78CF293D-647E-45D0-9F9D-A7EFCF1D1656}.Debug|Mixed Platforms.ActiveCfg = MPI|x64
		{78CF293D-647E-45D0-9F9D-A7EFCF1D1656}.Debug|Mixed Platforms.Build.0 = MPI|x64
		{78CF293D-647E-45D0-9F9D-A7EFCF1D1656}.Debug|Win32.ActiveCfg = MPI|x64
		{78CF293D-647E-45D0-9F9D-A7EFCF1D1656}.Debug|x64.ActiveCfg = MPI|x64
		{78CF293D-647E-45D0-9F9D-A7EFCF1D1656}.Debug|x64.Build.0 = MPI|x64
		{78CF293D-647E-45D0-9F9D-A7EFCF1D1656}.MPI|Mixed Platforms.ActiveCfg = MPI|x64
		{78CF293D-647E-45D0-9F9D-A7EFCF1D1656}.MPI|Mixed Platforms.Build.0 = MPI|x64
		{78CF293D-647E-45D0-9F9D-A7EFCF1D1656}.MPI|Win32.ActiveCfg = MPI|x64
		{78CF293D-647E-45D0-9F9D-A7EFCF1D1656}.MPI|x64.ActiveCfg = MPI|x64
		{78CF293D-647E-45D0-9F9D-A7EFCF1D1656}.MPI|x64.Build.0 = MPI|x64
		{78CF293D-647E-45D0-9F9D-A7EFCF1D1656}.Release|Mixed Platforms.ActiveCfg = MPI|x64
		{78CF293D-647E-45D0-9F9D-A7EFCF1D1656}.Release|Mixed Platforms.Build.0 = MPI|x64
		{78CF293D-647E-45D0-9F9D-A7EFCF1D1656}.Release|Win32.ActiveCfg = MPI|x64
		{78CF293D-647E-45D0-9F9D-A7EFCF1D1656}.Release|x64.ActiveCfg = MPI|x64
		{78CF293D-647E-45D0-9F9D-A7EFCF1D1656}.Release|x64.Build.0 = MPI|x64
		{CBBA8584-663A-4E5A-B612-54E11678A0AF}.Debug|Mixed Platforms.ActiveCfg = MPI|x64
		{CBBA8584-663A-4E5A-B612-54E11678A0AF}.Debug|Mixed Platforms.Build.0 = MPI|x64
		{CBBA8584-663A-4E5A-B612-54E11678A0AF}.Debug|Win32.ActiveCfg = MPI|x64
		{CBBA8584-663A-4E5A-B612-54E11678A0AF}.Debug|x64.ActiveCfg = MPI|x64
		{CBBA8584-663A-4E5A-B612-54E11678A0AF}.Debug|x64.Build.0 = MPI|x64
		{CBBA8584-663A-4E5A-B612-54E11678A0AF}.MPI|Mixed Platforms.ActiveCfg = MPI|x64
		{CBBA8584-663A-4E5A-B612-54E11678A0AF}.MPI|Mixed Platforms.Build.0 = MPI|x64
		{CBBA8584-663A-4E5A-B612-54E11678A0AF}.MPI|Win32.ActiveCfg = MPI|x64
		{CBBA8584-663A-4E5A-B612-54E11678A0AF}.MPI|x64.ActiveCfg = MPI|x64
		{CBBA8584-663A-4E5A-B612-54E11678A0AF}.MPI|x64.Build.0 = MPI|x64
		{CBBA8584-663A-4E5A-B612-54E11678A0AF}.Release|Mixed Platforms.ActiveCfg = MPI|x64
		{CBBA8584-663A-4E5A-B612-54E11678A0AF}.Release|Mixed Platforms.Build.0 = MPI|x64
		{CBBA8584-663A-4E5A-B612-54E11678A0AF}.Release|Win32.ActiveCfg = MPI|x64
		{CBBA8584-663A-4E5A-B612-54E11678A0AF}.Release|x64.ActiveCfg = MPI|x64
		{CBBA8584-663A-4E5A-B612-54E11678A0AF}.Release|x64.Build.0 = MPI|x64
		{98103359-008E-44BB-8B85-746DF04F68F6}.Debug|Mixed Platforms.ActiveCfg = MPI|x64
		{98103359-008E-44BB-8B85-746DF04F68F6}.Debug|Mixed Platforms.Build.0 = MPI|x64
		{98103359-008E-44BB-8B85-746DF04F68F6}.Debug|Win32.ActiveCfg = MPI|x64
		{98103359-008E-44BB-8B85-746DF04F68F6}.Debug|x64.ActiveCfg = MPI|x64
		{98103359-008E-44BB-8B85-746DF04F68F6}.Debug|x64.Build.0 = MPI|x64
		{98103359-008E-44BB-8B85-746DF04F68F6}.MPI|Mixed Platforms.ActiveCfg = MPI|x64
		{98103359-008E-44BB-8B85-746DF04F68F6}.MPI|Mixed Platforms.Build.0 = MPI|x64
		{98103359-008E-44BB-8B85-746DF04F68F6}.MPI|Win32.ActiveCfg = MPI|x64
		{98103359-008E-44BB-8B85-746DF04F68F6}.MPI|x64.ActiveCfg = MPI|x64
		{98103359-008E-44BB-8B85-746DF04F68F6}.MPI|x64.Build.0 = MPI|x64
		{98103359-008E-44BB-8B85-746DF04F68F6}.Release|Mixed Platforms.ActiveCfg = MPI|x64
		{98103359-008E-44BB-8B85-746DF04F68F6}.Release|Mixed Platforms.Build.0 = MPI|x64
		{98103359-008E-44BB-8B85-746DF04F68F6}.Release|Win32.ActiveCfg = MPI|x64
		{98103359-008E-44BB-8B85-746DF04F68F6}.Release|x64.ActiveCfg = MPI|x64
		{98103359-008E-44BB-8B85-746DF04F68F6}.Release|x64.Build.0 = MPI|x64
	EndGlobalSection
	GlobalSection(SolutionProperties) = preSolution
		HideSolutionNode = FALSE
	EndGlobalSection
EndGlobal
